
Microsoft Visual Studio Solution File, Format Version 12.00
# Visual Studio Version 17
VisualStudioVersion = 17.8.34322.80
MinimumVisualStudioVersion = 10.0.40219.1
Project("{FAE04EC0-301F-11D3-BF4B-00C04F79EFBC}") = "Practica", "Practica\Practica.csproj", "{DE99BE12-A3BB-419C-87B7-B9C1BA636141}"
EndProject
Global
	GlobalSection(SolutionConfigurationPlatforms) = preSolution
		Debug|Any CPU = Debug|Any CPU
		Release|Any CPU = Release|Any CPU
	EndGlobalSection
	GlobalSection(ProjectConfigurationPlatforms) = postSolution
		{DE99BE12-A3BB-419C-87B7-B9C1BA636141}.Debug|Any CPU.ActiveCfg = Debug|Any CPU
		{DE99BE12-A3BB-419C-87B7-B9C1BA636141}.Debug|Any CPU.Build.0 = Debug|Any CPU
		{DE99BE12-A3BB-419C-87B7-B9C1BA636141}.Release|Any CPU.ActiveCfg = Release|Any CPU
		{DE99BE12-A3BB-419C-87B7-B9C1BA636141}.Release|Any CPU.Build.0 = Release|Any CPU
	EndGlobalSection
	GlobalSection(SolutionProperties) = preSolution
		HideSolutionNode = FALSE
	EndGlobalSection
	GlobalSection(ExtensibilityGlobals) = postSolution
		SolutionGuid = {6A2F3FB6-9BF7-4388-A2E4-435F7766285C}
	EndGlobalSection
EndGlobal
